
Microsoft Visual Studio Solution File, Format Version 12.00
# Visual Studio Version 16
VisualStudioVersion = 16.0.33214.272
MinimumVisualStudioVersion = 10.0.40219.1
Project("{2150E333-8FDC-42A3-9474-1A3956D46DE8}") = "Services", "Services", "{B0F07EF8-BC91-4DB2-A552-853075D1241C}"
EndProject
Project("{2150E333-8FDC-42A3-9474-1A3956D46DE8}") = "Catalog", "Catalog", "{6A570D09-977E-4054-B2A3-CF166529F9E8}"
EndProject
Project("{9A19103F-16F7-4668-BE54-9A1E7A4F7556}") = "Catalog.API", "Services\Catalog\Catalog.API\Catalog.API.csproj", "{C833CCD9-35B4-489E-AEEB-D0326E93743C}"
EndProject
Project("{E53339B2-1760-4266-BCC7-CA923CBCF16C}") = "docker-compose", "docker-compose.dcproj", "{60A1F476-1058-4738-8320-E2A7FA1F1821}"
EndProject
Project("{2150E333-8FDC-42A3-9474-1A3956D46DE8}") = "Basket", "Basket", "{AA9CC84C-382D-4524-A370-8DAD8FFE1F74}"
EndProject
Project("{9A19103F-16F7-4668-BE54-9A1E7A4F7556}") = "Basket.API", "Services\Basket\Basket.API\Basket.API.csproj", "{01F57BC4-6B00-4A9D-9BA7-B95A67D64355}"
EndProject
Project("{2150E333-8FDC-42A3-9474-1A3956D46DE8}") = "Discount", "Discount", "{9AF61B5F-4267-4EC7-AFB9-E93B7CE00C67}"
EndProject
Project("{9A19103F-16F7-4668-BE54-9A1E7A4F7556}") = "Discount.API", "Services\Discount\Discount.API\Discount.API.csproj", "{0E695D1E-B121-48CA-80BF-731B4E68E897}"
EndProject
Project("{9A19103F-16F7-4668-BE54-9A1E7A4F7556}") = "Discount.Grpc", "Services\Discount\Discount.Grpc\Discount.Grpc.csproj", "{CFE97301-16C7-495D-BCE1-427A35664964}"
EndProject
Project("{2150E333-8FDC-42A3-9474-1A3956D46DE8}") = "Ordering", "Ordering", "{139CEDC9-797E-4CB9-BACE-6C2FCFA83AF1}"
EndProject
Project("{FAE04EC0-301F-11D3-BF4B-00C04F79EFBC}") = "Ordering.API", "Services\Ordering\Ordering.API\Ordering.API.csproj", "{09E83ABF-8C9E-4B27-BA14-768472B7521E}"
EndProject
Global
	GlobalSection(SolutionConfigurationPlatforms) = preSolution
		Debug|Any CPU = Debug|Any CPU
		Release|Any CPU = Release|Any CPU
	EndGlobalSection
	GlobalSection(ProjectConfigurationPlatforms) = postSolution
		{C833CCD9-35B4-489E-AEEB-D0326E93743C}.Debug|Any CPU.ActiveCfg = Debug|Any CPU
		{C833CCD9-35B4-489E-AEEB-D0326E93743C}.Debug|Any CPU.Build.0 = Debug|Any CPU
		{C833CCD9-35B4-489E-AEEB-D0326E93743C}.Release|Any CPU.ActiveCfg = Release|Any CPU
		{C833CCD9-35B4-489E-AEEB-D0326E93743C}.Release|Any CPU.Build.0 = Release|Any CPU
		{60A1F476-1058-4738-8320-E2A7FA1F1821}.Debug|Any CPU.ActiveCfg = Debug|Any CPU
		{60A1F476-1058-4738-8320-E2A7FA1F1821}.Debug|Any CPU.Build.0 = Debug|Any CPU
		{60A1F476-1058-4738-8320-E2A7FA1F1821}.Release|Any CPU.ActiveCfg = Release|Any CPU
		{60A1F476-1058-4738-8320-E2A7FA1F1821}.Release|Any CPU.Build.0 = Release|Any CPU
		{01F57BC4-6B00-4A9D-9BA7-B95A67D64355}.Debug|Any CPU.ActiveCfg = Debug|Any CPU
		{01F57BC4-6B00-4A9D-9BA7-B95A67D64355}.Debug|Any CPU.Build.0 = Debug|Any CPU
		{01F57BC4-6B00-4A9D-9BA7-B95A67D64355}.Release|Any CPU.ActiveCfg = Release|Any CPU
		{01F57BC4-6B00-4A9D-9BA7-B95A67D64355}.Release|Any CPU.Build.0 = Release|Any CPU
		{0E695D1E-B121-48CA-80BF-731B4E68E897}.Debug|Any CPU.ActiveCfg = Debug|Any CPU
		{0E695D1E-B121-48CA-80BF-731B4E68E897}.Debug|Any CPU.Build.0 = Debug|Any CPU
		{0E695D1E-B121-48CA-80BF-731B4E68E897}.Release|Any CPU.ActiveCfg = Release|Any CPU
		{0E695D1E-B121-48CA-80BF-731B4E68E897}.Release|Any CPU.Build.0 = Release|Any CPU
		{CFE97301-16C7-495D-BCE1-427A35664964}.Debug|Any CPU.ActiveCfg = Debug|Any CPU
		{CFE97301-16C7-495D-BCE1-427A35664964}.Debug|Any CPU.Build.0 = Debug|Any CPU
		{CFE97301-16C7-495D-BCE1-427A35664964}.Release|Any CPU.ActiveCfg = Release|Any CPU
		{CFE97301-16C7-495D-BCE1-427A35664964}.Release|Any CPU.Build.0 = Release|Any CPU
		{09E83ABF-8C9E-4B27-BA14-768472B7521E}.Debug|Any CPU.ActiveCfg = Debug|Any CPU
		{09E83ABF-8C9E-4B27-BA14-768472B7521E}.Debug|Any CPU.Build.0 = Debug|Any CPU
		{09E83ABF-8C9E-4B27-BA14-768472B7521E}.Release|Any CPU.ActiveCfg = Release|Any CPU
		{09E83ABF-8C9E-4B27-BA14-768472B7521E}.Release|Any CPU.Build.0 = Release|Any CPU
	EndGlobalSection
	GlobalSection(SolutionProperties) = preSolution
		HideSolutionNode = FALSE
	EndGlobalSection
	GlobalSection(NestedProjects) = preSolution
		{6A570D09-977E-4054-B2A3-CF166529F9E8} = {B0F07EF8-BC91-4DB2-A552-853075D1241C}
		{C833CCD9-35B4-489E-AEEB-D0326E93743C} = {6A570D09-977E-4054-B2A3-CF166529F9E8}
		{AA9CC84C-382D-4524-A370-8DAD8FFE1F74} = {B0F07EF8-BC91-4DB2-A552-853075D1241C}
		{01F57BC4-6B00-4A9D-9BA7-B95A67D64355} = {AA9CC84C-382D-4524-A370-8DAD8FFE1F74}
		{9AF61B5F-4267-4EC7-AFB9-E93B7CE00C67} = {B0F07EF8-BC91-4DB2-A552-853075D1241C}
		{0E695D1E-B121-48CA-80BF-731B4E68E897} = {9AF61B5F-4267-4EC7-AFB9-E93B7CE00C67}
		{CFE97301-16C7-495D-BCE1-427A35664964} = {9AF61B5F-4267-4EC7-AFB9-E93B7CE00C67}
		{139CEDC9-797E-4CB9-BACE-6C2FCFA83AF1} = {B0F07EF8-BC91-4DB2-A552-853075D1241C}
		{09E83ABF-8C9E-4B27-BA14-768472B7521E} = {139CEDC9-797E-4CB9-BACE-6C2FCFA83AF1}
	EndGlobalSection
	GlobalSection(ExtensibilityGlobals) = postSolution
		SolutionGuid = {F6EE8D9E-F70D-43BD-97D6-A6D35A1E146F}
	EndGlobalSection
EndGlobal
